
Microsoft Visual Studio Solution File, Format Version 12.00
# Visual Studio Version 17
VisualStudioVersion = 17.14.36301.6
MinimumVisualStudioVersion = 10.0.40219.1
Project("{FAE04EC0-301F-11D3-BF4B-00C04F79EFBC}") = "AYShop.PL", "AYShop.PL\AYShop.PL.csproj", "{C4333371-03CD-47B5-860E-ABB7ADBCFE71}"
EndProject
Project("{FAE04EC0-301F-11D3-BF4B-00C04F79EFBC}") = "AYShop.DAL", "AYShop.DAL\AYShop.DAL.csproj", "{24EF93C0-76D6-4CA7-B398-5C2200FA87C7}"
EndProject
Project("{FAE04EC0-301F-11D3-BF4B-00C04F79EFBC}") = "AYShop.BLL", "AYShop.BLL\AYShop.BLL.csproj", "{CC713011-FA67-45DD-8A4B-361B2AB1A506}"
EndProject
Global
	GlobalSection(SolutionConfigurationPlatforms) = preSolution
		Debug|Any CPU = Debug|Any CPU
		Release|Any CPU = Release|Any CPU
	EndGlobalSection
	GlobalSection(ProjectConfigurationPlatforms) = postSolution
		{C4333371-03CD-47B5-860E-ABB7ADBCFE71}.Debug|Any CPU.ActiveCfg = Debug|Any CPU
		{C4333371-03CD-47B5-860E-ABB7ADBCFE71}.Debug|Any CPU.Build.0 = Debug|Any CPU
		{C4333371-03CD-47B5-860E-ABB7ADBCFE71}.Release|Any CPU.ActiveCfg = Release|Any CPU
		{C4333371-03CD-47B5-860E-ABB7ADBCFE71}.Release|Any CPU.Build.0 = Release|Any CPU
		{24EF93C0-76D6-4CA7-B398-5C2200FA87C7}.Debug|Any CPU.ActiveCfg = Debug|Any CPU
		{24EF93C0-76D6-4CA7-B398-5C2200FA87C7}.Debug|Any CPU.Build.0 = Debug|Any CPU
		{24EF93C0-76D6-4CA7-B398-5C2200FA87C7}.Release|Any CPU.ActiveCfg = Release|Any CPU
		{24EF93C0-76D6-4CA7-B398-5C2200FA87C7}.Release|Any CPU.Build.0 = Release|Any CPU
		{CC713011-FA67-45DD-8A4B-361B2AB1A506}.Debug|Any CPU.ActiveCfg = Debug|Any CPU
		{CC713011-FA67-45DD-8A4B-361B2AB1A506}.Debug|Any CPU.Build.0 = Debug|Any CPU
		{CC713011-FA67-45DD-8A4B-361B2AB1A506}.Release|Any CPU.ActiveCfg = Release|Any CPU
		{CC713011-FA67-45DD-8A4B-361B2AB1A506}.Release|Any CPU.Build.0 = Release|Any CPU
	EndGlobalSection
	GlobalSection(SolutionProperties) = preSolution
		HideSolutionNode = FALSE
	EndGlobalSection
	GlobalSection(ExtensibilityGlobals) = postSolution
		SolutionGuid = {70C8F393-301F-4560-A1DB-55355EBD0968}
	EndGlobalSection
EndGlobal
